dependencies:
- name: infra
  repository: file://../../services/infra
  version: 3.2.0
- name: vios
  repository: file://../../services/vios
  version: 3.2.0
- name: agent
  repository: file://../../services/agent
  version: 3.2.0
- name: vss-agent-ui
  repository: file://../../services/ui
  version: 3.2.0
- name: nims
  repository: file://../../services/nims
  version: 3.2.0
digest: sha256:b27b4b1ce1c07282248da13369be1b8e4ee7edaf68b20f83db6d364ff8b65a9f
generated: "2026-06-04T16:43:52.660095+05:30"
