dependencies:
- name: vss-rtvi-cv
  repository: file://./charts/rtvi-cv
  version: 3.2.0
- name: vss-rtvi-vlm
  repository: file://./charts/rtvi-vlm
  version: 3.2.0
- name: vss-rtvi-embed
  repository: file://./charts/rtvi-embed
  version: 3.2.0
digest: sha256:d80b8574891c8d58a9ee5f93edfdfb849337f4841dd9139e0c34d2a37b7a6eb8
generated: "2026-06-04T16:43:31.676914+05:30"
