dependencies:
- name: vios
  repository: file://../../services/vios
  version: 3.2.0
- name: infra
  repository: file://../../services/infra
  version: 3.2.0
- name: rtvi
  repository: file://../../services/rtvi
  version: 3.2.0
- name: analytics
  repository: file://../../services/analytics
  version: 3.2.0
- name: agent
  repository: file://../../services/agent
  version: 3.2.0
- name: vss-agent-ui
  repository: file://../../services/ui
  version: 3.2.0
- name: nims
  repository: file://../../services/nims
  version: 3.2.0
digest: sha256:232894ebbdb43dd8ad94877cdcbb53f69a15f5bc65839048f2ad5c809fc379e8
generated: "2026-06-04T16:43:46.668602+05:30"
