# SPDX-FileCopyrightText: Copyright (c) 2025-2026, NVIDIA CORPORATION & AFFILIATES. All rights reserved.
# SPDX-License-Identifier: Apache-2.0
#
# Licensed under the Apache License, Version 2.0 (the "License");
# you may not use this file except in compliance with the License.
# You may obtain a copy of the License at
#
# http://www.apache.org/licenses/LICENSE-2.0
#
# Unless required by applicable law or agreed to in writing, software
# distributed under the License is distributed on an "AS IS" BASIS,
# WITHOUT WARRANTIES OR CONDITIONS OF ANY KIND, either express or implied.
# See the License for the specific language governing permissions and
# limitations under the License.
#
dependencies:
- name: vss-behavior-analytics
  repository: file://./charts/behavior-analytics
  version: 26.04.2
- name: vss-video-analytics-api
  repository: file://./charts/video-analytics-api
  version: 26.05.29
- name: video-analytics-ui
  repository: file://./charts/video-analytics-ui
  version: 26.04.2
digest: sha256:be981bff69a41040d6f41a66c2796e6472153381492f3ba8c65f3ad4e981d107
generated: "2026-05-28T18:59:34.460557561Z"
